lockfileVersion: '9.0'

settings:
  autoInstallPeers: true
  excludeLinksFromLockfile: false

importers:

  .:
    dependencies:
      '@near-js/transactions':
        specifier: 1.2.3
        version: 1.2.3
      bech32:
        specifier: ^2.0.0
        version: 2.0.0
      bs58:
        specifier: ^6.0.0
        version: 6.0.0
      bs58check:
        specifier: ^4.0.0
        version: 4.0.0
      canonicalize:
        specifier: ^2.0.0
        version: 2.0.0
      dotenv:
        specifier: ^16.4.5
        version: 16.4.5
      elliptic:
        specifier: ^6.6.0
        version: 6.6.0
      ethers:
        specifier: ^6.13.4
        version: 6.13.4
      hash.js:
        specifier: ^1.1.7
        version: 1.1.7
      js-sha3:
        specifier: ^0.9.3
        version: 0.9.3
      lodash.pickby:
        specifier: ^4.6.0
        version: 4.6.0
      near-api-js:
        specifier: 4.0.4
        version: 4.0.4
      ts-node:
        specifier: ^10.9.2
        version: 10.9.2(@types/node@22.8.1)(typescript@5.6.3)
    devDependencies:
      '@types/elliptic':
        specifier: ^6.4.18
        version: 6.4.18
      '@types/lodash.pickby':
        specifier: ^4.6.9
        version: 4.6.9
      '@types/node':
        specifier: ^22.8.1
        version: 22.8.1
      typescript:
        specifier: ^5.6.3
        version: 5.6.3

packages:

  '@adraffy/ens-normalize@1.10.1':
    resolution: {integrity: sha512-96Z2IP3mYmF1Xg2cDm8f1gWGf/HUVedQ3FMifV4kG/PQ4yEP51xDtRAEfhVNt5f/uzpNkZHwWQuUcu6D6K+Ekw==}

  '@cspotcode/source-map-support@0.8.1':
    resolution: {integrity: sha512-IchNf6dN4tHoMFIn/7OE8LWZ19Y6q/67Bmf6vnGREv8RSbBVb9LPJxEcnwrcwX6ixSvaiGoomAUvu4YSxXrVgw==}
    engines: {node: '>=12'}

  '@jridgewell/resolve-uri@3.1.2':
    resolution: {integrity: sha512-bRISgCIjP20/tbWSPWMEi54QVPRZExkuD9lJL+UIxUKtwVJA8wW1Trb1jMs1RFXo1CBTNZ/5hpC9QvmKWdopKw==}
    engines: {node: '>=6.0.0'}

  '@jridgewell/sourcemap-codec@1.5.0':
    resolution: {integrity: sha512-gv3ZRaISU3fjPAgNsriBRqGWQL6quFx04YMPW/zD8XMLsU32mhCCbfbO6KZFLjvYpCZ8zyDEgqsgf+PwPaM7GQ==}

  '@jridgewell/trace-mapping@0.3.9':
    resolution: {integrity: sha512-3Belt6tdc8bPgAtbcmdtNJlirVoTmEb5e2gC94PnkwEW9jI6CAHUeoG85tjWP5WquqfavoMtMwiG4P926ZKKuQ==}

  '@near-js/accounts@1.2.2':
    resolution: {integrity: sha512-8XInUVl8WwQyitRkG1HffZKhDmAXUwOaxurgkTYocDUUUp+ZB8NPxidg2uvj6f2wqnC8KAkjpm73wPoyRm6+yQ==}

  '@near-js/crypto@1.3.0':
    resolution: {integrity: sha512-BIKO6v+rbYCzzrjsSV4KgClVgRiPluIXQ89B4ozIG8RjjBe/7IPFYF9tIxsXUyLzPFhISzeNQkL09ksHHmnymg==}

  '@near-js/keystores-browser@0.1.0':
    resolution: {integrity: sha512-v/4uFHKnbEXY4UcOAVCUSb3GKsVdrwv4uXBSPluvE16H9oxjB1+gfcz5qejwKp2cifYNCO0KfAWLnZas66Ohcg==}

  '@near-js/keystores-node@0.0.13':
    resolution: {integrity: sha512-cnk2mwIRr7bCPgqz7KHU1Bqxm0u9J+FIubZ0AllFpMVMv8TJVVbs7FcsVIk282oeM7xxikjVJjs35DG6//Fehw==}

  '@near-js/keystores@0.1.0':
    resolution: {integrity: sha512-89EwYFDvPg7GnJAKmBDASKUSTXny0ZqgqDnSdhp7oJ78bXNlCs9xx0WnkK34TxFBnrL4c9szLjTkfGRcFT07NQ==}

  '@near-js/providers@0.2.3':
    resolution: {integrity: sha512-JBSze9fdoRXkOsFeLiooPWGm3vemY2dgHT0u0HoJCjpQtt41v7tr+6sWpxGWCaDwrzIwhm7og4qkGv4K9IxFVw==}

  '@near-js/signers@0.1.5':
    resolution: {integrity: sha512-UldCktmR6HF6N2gPbgiUS8QPYCcDwjyzpdi3ukKezfY2NGA++F068ZwP50S+aQrtcwEBpECTo/Ps6pZq7cSVeQ==}

  '@near-js/transactions@1.2.3':
    resolution: {integrity: sha512-wwkUupWrmKfdZmv6TmnTrskysX37F2SVHcns6BVwPjp6nFD29NAhul71I6u++8496Lq2FrgM1Kb8pEIpG9TV9w==}

  '@near-js/types@0.2.1':
    resolution: {integrity: sha512-YygQEGMdFe6d2e/6dtNZer9paH396XeAdIKEhY/RPXDUnjDdfiDQ5DK4mM130sEeID2bAH9X1LQ+7vXGRjvyWw==}

  '@near-js/utils@0.3.0':
    resolution: {integrity: sha512-ExeWqP0b4subLcQuLDIixAZs6tiCWifDBz2OwU9ycntyjZslUUh4EKBaSS3mAEqhJ/t1B9WX80BntE/5PQ+JTg==}

  '@near-js/wallet-account@1.2.3':
    resolution: {integrity: sha512-yuYKKA8D06ztmbTvbajD8HBjP50x2NbMRPInsSSgNjBnvFA9f2J82SarzDLg+nTsayhMJdFGfArnKgIlO+bUaw==}

  '@noble/curves@1.2.0':
    resolution: {integrity: sha512-oYclrNgRaM9SsBUBVbb8M6DTV7ZHRTKugureoYEncY5c65HOmRzvSiTE3y5CYaPYJA/GVkrhXEoF0M3Ya9PMnw==}

  '@noble/hashes@1.3.2':
    resolution: {integrity: sha512-MVC8EAQp7MvEcm30KWENFjgR+Mkmf+D189XJTkFIlwohU5hcBbn1ZkKq7KVTi2Hme3PMGF390DaL52beVrIihQ==}
    engines: {node: '>= 16'}

  '@noble/hashes@1.3.3':
    resolution: {integrity: sha512-V7/fPHgl+jsVPXqqeOzT8egNj2iBIVt+ECeMMG8TdcnTikP3oaBtUVqpT/gYCR68aEBJSF+XbYUxStjbFMqIIA==}
    engines: {node: '>= 16'}

  '@tsconfig/node10@1.0.11':
    resolution: {integrity: sha512-DcRjDCujK/kCk/cUe8Xz8ZSpm8mS3mNNpta+jGCA6USEDfktlNvm1+IuZ9eTcDbNk41BHwpHHeW+N1lKCz4zOw==}

  '@tsconfig/node12@1.0.11':
    resolution: {integrity: sha512-cqefuRsh12pWyGsIoBKJA9luFu3mRxCA+ORZvA4ktLSzIuCUtWVxGIuXigEwO5/ywWFMZ2QEGKWvkZG1zDMTag==}

  '@tsconfig/node14@1.0.3':
    resolution: {integrity: sha512-ysT8mhdixWK6Hw3i1V2AeRqZ5WfXg1G43mqoYlM2nc6388Fq5jcXyr5mRsqViLx/GJYdoL0bfXD8nmF+Zn/Iow==}

  '@tsconfig/node16@1.0.4':
    resolution: {integrity: sha512-vxhUy4J8lyeyinH7Azl1pdd43GJhZH/tP2weN8TntQblOY+A0XbT8DJk1/oCPuOOyg/Ja757rG0CgHcWC8OfMA==}

  '@types/bn.js@5.1.6':
    resolution: {integrity: sha512-Xh8vSwUeMKeYYrj3cX4lGQgFSF/N03r+tv4AiLl1SucqV+uTQpxRcnM8AkXKHwYP9ZPXOYXRr2KPXpVlIvqh9w==}

  '@types/elliptic@6.4.18':
    resolution: {integrity: sha512-UseG6H5vjRiNpQvrhy4VF/JXdA3V/Fp5amvveaL+fs28BZ6xIKJBPnUPRlEaZpysD9MbpfaLi8lbl7PGUAkpWw==}

  '@types/json-schema@7.0.15':
    resolution: {integrity: sha512-5+fP8P8MFNC+AyZCDxrB2pkZFPGzqQWUzpSeuuVLvm8VMcorNYavBqoFcxK8bQz4Qsbn4oUEEem4wDLfcysGHA==}

  '@types/lodash.pickby@4.6.9':
    resolution: {integrity: sha512-SPI248FYnyd3jOxDeJq2vX2UKQnDzqacuqdeOVqwE1MPSk8gN8TA3FcHSMQWLlpBnuHgXvgKInvywbOFbidpJA==}

  '@types/lodash@4.17.12':
    resolution: {integrity: sha512-sviUmCE8AYdaF/KIHLDJBQgeYzPBI0vf/17NaYehBJfYD1j6/L95Slh07NlyK2iNyBNaEkb3En2jRt+a8y3xZQ==}

  '@types/node@22.7.5':
    resolution: {integrity: sha512-jML7s2NAzMWc//QSJ1a3prpk78cOPchGvXJsC3C6R6PSMoooztvRVQEz89gmBTBY1SPMaqo5teB4uNHPdetShQ==}

  '@types/node@22.8.1':
    resolution: {integrity: sha512-k6Gi8Yyo8EtrNtkHXutUu2corfDf9su95VYVP10aGYMMROM6SAItZi0w1XszA6RtWTHSVp5OeFof37w0IEqCQg==}

  acorn-walk@8.3.4:
    resolution: {integrity: sha512-ueEepnujpqee2o5aIYnvHU6C0A42MNdsIDeqy5BydrkuC5R1ZuUFnm27EeFJGoEHJQgn3uleRvmTXaJgfXbt4g==}
    engines: {node: '>=0.4.0'}

  acorn@8.14.0:
    resolution: {integrity: sha512-cl669nCJTZBsL97OF4kUQm5g5hC2uihk0NxY3WENAC0TYdILVkAyHymAntgxGkl7K+t0cXIrH5siy5S4XkFycA==}
    engines: {node: '>=0.4.0'}
    hasBin: true

  aes-js@4.0.0-beta.5:
    resolution: {integrity: sha512-G965FqalsNyrPqgEGON7nIx1e/OVENSgiEIzyC63haUMuvNnwIgIjMs52hlTCKhkBny7A2ORNlfY9Zu+jmGk1Q==}

  arg@4.1.3:
    resolution: {integrity: sha512-58S9QDqG0Xx27YwPSt9fJxivjYl432YCwfDMfZ+71RAqUrZef7LrKQZ3LHLOwCS4FLNBplP533Zx895SeOCHvA==}

  base-x@2.0.6:
    resolution: {integrity: sha512-UAmjxz9KbK+YIi66xej+pZVo/vxUOh49ubEvZW5egCbxhur05pBb+hwuireQwKO4nDpsNm64/jEei17LEpsr5g==}
    engines: {node: '>=4.5.0'}
    deprecated: use 3.0.0 instead, safe-buffer has been merged and release for compatability

  base-x@5.0.0:
    resolution: {integrity: sha512-sMW3VGSX1QWVFA6l8U62MLKz29rRfpTlYdCqLdpLo1/Yd4zZwSbnUaDfciIAowAqvq7YFnWq9hrhdg1KYgc1lQ==}

  bech32@2.0.0:
    resolution: {integrity: sha512-LcknSilhIGatDAsY1ak2I8VtGaHNhgMSYVxFrGLXv+xLHytaKZKcaUJJUE7qmBr7h33o5YQwP55pMI0xmkpJwg==}

  bn.js@4.12.0:
    resolution: {integrity: sha512-c98Bf3tPniI+scsdk237ku1Dc3ujXQTSgyiPUDEOe7tRkhrqridvh8klBv0HCEso1OLOYcHuCv/cS6DNxKH+ZA==}

  borsh@1.0.0:
    resolution: {integrity: sha512-fSVWzzemnyfF89EPwlUNsrS5swF5CrtiN4e+h0/lLf4dz2he4L3ndM20PS9wj7ICSkXJe/TQUHdaPTq15b1mNQ==}

  brorand@1.1.0:
    resolution: {integrity: sha512-cKV8tMCEpQs4hK/ik71d6LrPOnpkpGBR0wzxqr68g2m/LB2GxVYQroAjMJZRVM1Y4BCjCKc3vAamxSzOY2RP+w==}

  bs58@4.0.0:
    resolution: {integrity: sha512-/jcGuUuSebyxwLLfKrbKnCJttxRf9PM51EnHTwmFKBxl4z1SGkoAhrfd6uZKE0dcjQTfm6XzTP8DPr1tzE4KIw==}

  bs58@6.0.0:
    resolution: {integrity: sha512-PD0wEnEYg6ijszw/u8s+iI3H17cTymlrwkKhDhPZq+Sokl3AU4htyBFTjAeNAlCCmg0f53g6ih3jATyCKftTfw==}

  bs58check@4.0.0:
    resolution: {integrity: sha512-FsGDOnFg9aVI9erdriULkd/JjEWONV/lQE5aYziB5PoBsXRind56lh8doIZIc9X4HoxT5x4bLjMWN1/NB8Zp5g==}

  canonicalize@2.0.0:
    resolution: {integrity: sha512-ulDEYPv7asdKvqahuAY35c1selLdzDwHqugK92hfkzvlDCwXRRelDkR+Er33md/PtnpqHemgkuDPanZ4fiYZ8w==}

  create-require@1.1.1:
    resolution: {integrity: sha512-dcKFX3jn0MpIaXjisoRvexIJVEKzaq7z2rZKxf+MSr9TkdmHmsU4m2lcLojrj/FHl8mk5VxMmYA+ftRkP/3oKQ==}

  depd@1.1.2:
    resolution: {integrity: sha512-7emPTl6Dpo6JRXOXjLRxck+FlLRX5847cLKEn00PLAgc3g2hTZZgr+e4c2v6QpSmLeFP3n5yUo7ft6avBK/5jQ==}
    engines: {node: '>= 0.6'}

  depd@2.0.0:
    resolution: {integrity: sha512-g7nH6P6dyDioJogAAGprGpCtVImJhpPk/roCzdb3fIh61/s/nPsfR6onyMwkCAR/OlC3yBC0lESvUoQEAssIrw==}
    engines: {node: '>= 0.8'}

  diff@4.0.2:
    resolution: {integrity: sha512-58lmxKSA4BNyLz+HHMUzlOEpg09FV+ev6ZMe3vJihgdxzgcwZ8VoEEPmALCZG9LmqfVoNMMKpttIYTVG6uDY7A==}
    engines: {node: '>=0.3.1'}

  dotenv@16.4.5:
    resolution: {integrity: sha512-ZmdL2rui+eB2YwhsWzjInR8LldtZHGDoQ1ugH85ppHKwpUHL7j7rN0Ti9NCnGiQbhaZ11FpR+7ao1dNsmduNUg==}
    engines: {node: '>=12'}

  elliptic@6.6.0:
    resolution: {integrity: sha512-dpwoQcLc/2WLQvJvLRHKZ+f9FgOdjnq11rurqwekGQygGPsYSK29OMMD2WalatiqQ+XGFDglTNixpPfI+lpaAA==}

  ethers@6.13.4:
    resolution: {integrity: sha512-21YtnZVg4/zKkCQPjrDj38B1r4nQvTZLopUGMLQ1ePU2zV/joCfDC3t3iKQjWRzjjjbzR+mdAIoikeBRNkdllA==}
    engines: {node: '>=14.0.0'}

  generate-function@2.3.1:
    resolution: {integrity: sha512-eeB5GfMNeevm/GRYq20ShmsaGcmI81kIX2K9XQx5miC8KdHaC6Jm0qQ8ZNeGOi7wYB8OsdxKs+Y2oVuTFuVwKQ==}

  generate-object-property@1.2.0:
    resolution: {integrity: sha512-TuOwZWgJ2VAMEGJvAyPWvpqxSANF0LDpmyHauMjFYzaACvn+QTT/AZomvPCzVBV7yDN3OmwHQ5OvHaeLKre3JQ==}

  hash.js@1.1.7:
    resolution: {integrity: sha512-taOaskGt4z4SOANNseOviYDvjEJinIkRgmp7LbKP2YTTmVxWBl87s/uzK9r+44BclBSp2X7K1hqeNfz9JbBeXA==}

  hmac-drbg@1.0.1:
    resolution: {integrity: sha512-Tti3gMqLdZfhOQY1Mzf/AanLiqh1WTiJgEj26ZuYQ9fbkLomzGchCws4FyrSd4VkpBfiNhaE1On+lOz894jvXg==}

  http-errors@1.7.2:
    resolution: {integrity: sha512-uUQBt3H/cSIVfch6i1EuPNy/YsRSOUBXTVfZ+yR7Zjez3qjBz6i9+i4zjNaoqcoFVI4lQJ5plg63TvGfRSDCRg==}
    engines: {node: '>= 0.6'}

  inherits@2.0.3:
    resolution: {integrity: sha512-x00IRNXNy63jwGkJmzPigoySHbaqpNuzKbBOmzK+g2OdZpQ9w+sxCN+VSB3ja7IAge2OP2qpfxTjeNcyjmW1uw==}

  inherits@2.0.4:
    resolution: {integrity: sha512-k/vGaX4/Yla3WzyMCvTQOXYeIHvqOKtnqBduzTHpzpQZzAskKMhZ2K+EnBiSM9zGSoIFeMpXKxa4dYeZIQqewQ==}

  is-my-ip-valid@1.0.1:
    resolution: {integrity: sha512-jxc8cBcOWbNK2i2aTkCZP6i7wkHF1bqKFrwEHuN5Jtg5BSaZHUZQ/JTOJwoV41YvHnOaRyWWh72T/KvfNz9DJg==}

  is-my-json-valid@2.20.6:
    resolution: {integrity: sha512-1JQwulVNjx8UqkPE/bqDaxtH4PXCe/2VRh/y3p99heOV87HG4Id5/VfDswd+YiAfHcRTfDlWgISycnHuhZq1aw==}

  is-property@1.0.2:
    resolution: {integrity: sha512-Ks/IoX00TtClbGQr4TWXemAnktAQvYB7HzcCxDGqEZU6oCmb2INHuOoKxbtR+HFkmYWBKv/dOZtGRiAjDhj92g==}

  js-sha3@0.9.3:
    resolution: {integrity: sha512-BcJPCQeLg6WjEx3FE591wVAevlli8lxsxm9/FzV4HXkV49TmBH38Yvrpce6fjbADGMKFrBMGTqrVz3qPIZ88Gg==}

  jsonpointer@5.0.1:
    resolution: {integrity: sha512-p/nXbhSEcu3pZRdkW1OfJhpsVtW1gd4Wa1fnQc9YLiTfAjn0312eMKimbdIQzuZl9aa9xUGaRlP9T/CJE/ditQ==}
    engines: {node: '>=0.10.0'}

  lodash.pickby@4.6.0:
    resolution: {integrity: sha512-AZV+GsS/6ckvPOVQPXSiFFacKvKB4kOQu6ynt9wz0F3LO4R9Ij4K1ddYsIytDpSgLz88JHd9P+oaLeej5/Sl7Q==}

  lru_map@0.4.1:
    resolution: {integrity: sha512-I+lBvqMMFfqaV8CJCISjI3wbjmwVu/VyOoU7+qtu9d7ioW5klMgsTTiUOUp+DJvfTTzKXoPbyC6YfgkNcyPSOg==}

  make-error@1.3.6:
    resolution: {integrity: sha512-s8UhlNe7vPKomQhC1qFelMokr/Sc3AgNbso3n74mVPA5LTZwkB9NlXf4XPamLxJE8h0gh73rM94xvwRT2CVInw==}

  minimalistic-assert@1.0.1:
    resolution: {integrity: sha512-UtJcAD4yEaGtjPezWuO9wC4nwUnVH/8/Im3yEHQP4b67cXlD/Qr9hdITCU1xDbSEXg2XKNaP8jsReV7vQd00/A==}

  minimalistic-crypto-utils@1.0.1:
    resolution: {integrity: sha512-JIYlbt6g8i5jKfJ3xz7rF0LXmv2TkDxBLUkiBeZ7bAx4GnnNMr8xFpGnOxn6GhTEHx3SjRrZEoU+j04prX1ktg==}

  mustache@4.0.0:
    resolution: {integrity: sha512-FJgjyX/IVkbXBXYUwH+OYwQKqWpFPLaLVESd70yHjSDunwzV2hZOoTBvPf4KLoxesUzzyfTH6F784Uqd7Wm5yA==}
    engines: {npm: '>=1.4.0'}
    hasBin: true

  near-abi@0.1.1:
    resolution: {integrity: sha512-RVDI8O+KVxRpC3KycJ1bpfVj9Zv+xvq9PlW1yIFl46GhrnLw83/72HqHGjGDjQ8DtltkcpSjY9X3YIGZ+1QyzQ==}

  near-api-js@4.0.4:
    resolution: {integrity: sha512-IG+6NAMtn854palu/cIbVgey0OsIzllcajc3fbEbh7cb2pyPNMsfsBIO5WqsV+rY+7Tqr6lqYQ8f+4BHGUttyg==}

  node-addon-api@5.1.0:
    resolution: {integrity: sha512-eh0GgfEkpnoWDq+VY8OyvYhFEzBk6jIYbRKdIlyTiAXIVJ8PyBaKb0rp7oDtoddbdoHWhq8wwr+XZ81F1rpNdA==}

  node-fetch@2.6.7:
    resolution: {integrity: sha512-ZjMPFEfVx5j+y2yF35Kzx5sF7kDzxuDj6ziH4FFbOp87zKDZNx8yExJIb05OGF4Nlt9IHFIMBkRl41VdvcNdbQ==}
    engines: {node: 4.x || >=6.0.0}
    peerDependencies:
      encoding: ^0.1.0
    peerDependenciesMeta:
      encoding:
        optional: true

  node-gyp-build@4.8.2:
    resolution: {integrity: sha512-IRUxE4BVsHWXkV/SFOut4qTlagw2aM8T5/vnTsmrHJvVoKueJHRc/JaFND7QDDc61kLYUJ6qlZM3sqTSyx2dTw==}
    hasBin: true

  randombytes@2.1.0:
    resolution: {integrity: sha512-vYl3iOX+4CKUWuxGi9Ukhie6fsqXqS9FE2Zaic4tNFD2N2QQaXOMFbuKK4QmDHC0JO6B1Zp41J0LpT0oR68amQ==}

  safe-buffer@5.2.1:
    resolution: {integrity: sha512-rp3So07KcdmmKbGvgaNxQSJr7bGVSVk5S9Eq1F+ppbRo70+YeaDxkw5Dd8NPN+GD6bjnYm2VuPuCXmpuYvmCXQ==}

  secp256k1@5.0.0:
    resolution: {integrity: sha512-TKWX8xvoGHrxVdqbYeZM9w+izTF4b9z3NhSaDkdn81btvuh+ivbIMGT/zQvDtTFWhRlThpoz6LEYTr7n8A5GcA==}
    engines: {node: '>=14.0.0'}

  setprototypeof@1.1.1:
    resolution: {integrity: sha512-JvdAWfbXeIGaZ9cILp38HntZSFSo3mWg6xGcJJsd+d4aRMOqauag1C63dJfDw7OaMYwEbHMOxEZ1lqVRYP2OAw==}

  statuses@1.5.0:
    resolution: {integrity: sha512-OpZ3zP+jT1PI7I8nemJX4AKmAX070ZkYPVWV/AaKTJl+tXCTGyVdC1a4SL8RUQYEwk/f34ZX8UTykN68FwrqAA==}
    engines: {node: '>= 0.6'}

  toidentifier@1.0.0:
    resolution: {integrity: sha512-yaOH/Pk/VEhBWWTlhI+qXxDFXlejDGcQipMlyxda9nthulaxLZUNcUqFxokp0vcYnvteJln5FNQDRrxj3YcbVw==}
    engines: {node: '>=0.6'}

  tr46@0.0.3:
    resolution: {integrity: sha512-N3WMsuqV66lT30CrXNbEjx4GEwlow3v6rr4mCcv6prnfwhS01rkgyFdjPNBYd9br7LpXV1+Emh01fHnq2Gdgrw==}

  ts-node@10.9.2:
    resolution: {integrity: sha512-f0FFpIdcHgn8zcPSbf1dRevwt047YMnaiJM3u2w2RewrB+fob/zePZcrOyQoLMMO7aBIddLcQIEK5dYjkLnGrQ==}
    hasBin: true
    peerDependencies:
      '@swc/core': '>=1.2.50'
      '@swc/wasm': '>=1.2.50'
      '@types/node': '*'
      typescript: '>=2.7'
    peerDependenciesMeta:
      '@swc/core':
        optional: true
      '@swc/wasm':
        optional: true

  tslib@2.7.0:
    resolution: {integrity: sha512-gLXCKdN1/j47AiHiOkJN69hJmcbGTHI0ImLmbYLHykhgeN0jVGola9yVjFgzCUklsZQMW55o+dW7IXv3RCXDzA==}

  typescript@5.6.3:
    resolution: {integrity: sha512-hjcS1mhfuyi4WW8IWtjP7brDrG2cuDZukyrYrSauoXGNgx0S7zceP07adYkJycEr56BOUTNPzbInooiN3fn1qw==}
    engines: {node: '>=14.17'}
    hasBin: true

  undici-types@6.19.8:
    resolution: {integrity: sha512-ve2KP6f/JnbPBFyobGHuerC9g1FYGn/F8n1LWTwNxCEzd6IfqTwUQcNXgEtmmQ6DlRrC1hrSrBnCZPokRrDHjw==}

  v8-compile-cache-lib@3.0.1:
    resolution: {integrity: sha512-wa7YjyUGfNZngI/vtK0UHAN+lgDCxBPCylVXGp0zu59Fz5aiGtNXaq3DhIov063MorB+VfufLh3JlF2KdTK3xg==}

  webidl-conversions@3.0.1:
    resolution: {integrity: sha512-2JAn3z8AR6rjK8Sm8orRC0h/bcl/DqL7tRPdGZ4I1CjdF+EaMLmYxBHyXuKL849eucPFhvBoxMsflfOb8kxaeQ==}

  whatwg-url@5.0.0:
    resolution: {integrity: sha512-saE57nupxk6v3HY35+jzBwYa0rKSy0XR8JSxZPwgLr7ys0IBzhGviA1/TUGJLmSVqs8pb9AnvICXEuOHLprYTw==}

  ws@8.17.1:
    resolution: {integrity: sha512-6XQFvXTkbfUOZOKKILFG1PDK2NDQs4azKQl26T0YS5CxqWLgXajbPZ+h4gZekJyRqFU8pvnbAbbs/3TgRPy+GQ==}
    engines: {node: '>=10.0.0'}
    peerDependencies:
      bufferutil: ^4.0.1
      utf-8-validate: '>=5.0.2'
    peerDependenciesMeta:
      bufferutil:
        optional: true
      utf-8-validate:
        optional: true

  xtend@4.0.2:
    resolution: {integrity: sha512-LKYU1iAXJXUgAXn9URjiu+MWhyUXHsvfp7mcuYm9dSUKK0/CjtrUwFAxD82/mCWbtLsGjFIad0wIsod4zrTAEQ==}
    engines: {node: '>=0.4'}

  yn@3.1.1:
    resolution: {integrity: sha512-Ux4ygGWsu2c7isFWe8Yu1YluJmqVhxqK2cLXNQA5AcC3QfbGNpM7fu0Y8b/z16pXLnFxZYvWhd3fhBY9DLmC6Q==}
    engines: {node: '>=6'}

snapshots:

  '@adraffy/ens-normalize@1.10.1': {}

  '@cspotcode/source-map-support@0.8.1':
    dependencies:
      '@jridgewell/trace-mapping': 0.3.9

  '@jridgewell/resolve-uri@3.1.2': {}

  '@jridgewell/sourcemap-codec@1.5.0': {}

  '@jridgewell/trace-mapping@0.3.9':
    dependencies:
      '@jridgewell/resolve-uri': 3.1.2
      '@jridgewell/sourcemap-codec': 1.5.0

  '@near-js/accounts@1.2.2':
    dependencies:
      '@near-js/crypto': 1.3.0
      '@near-js/providers': 0.2.3
      '@near-js/signers': 0.1.5
      '@near-js/transactions': 1.2.3
      '@near-js/types': 0.2.1
      '@near-js/utils': 0.3.0
      borsh: 1.0.0
      depd: 2.0.0
      is-my-json-valid: 2.20.6
      lru_map: 0.4.1
      near-abi: 0.1.1
    transitivePeerDependencies:
      - encoding

  '@near-js/crypto@1.3.0':
    dependencies:
      '@near-js/types': 0.2.1
      '@near-js/utils': 0.3.0
      '@noble/curves': 1.2.0
      borsh: 1.0.0
      randombytes: 2.1.0
      secp256k1: 5.0.0

  '@near-js/keystores-browser@0.1.0':
    dependencies:
      '@near-js/crypto': 1.3.0
      '@near-js/keystores': 0.1.0

  '@near-js/keystores-node@0.0.13':
    dependencies:
      '@near-js/crypto': 1.3.0
      '@near-js/keystores': 0.1.0

  '@near-js/keystores@0.1.0':
    dependencies:
      '@near-js/crypto': 1.3.0
      '@near-js/types': 0.2.1

  '@near-js/providers@0.2.3':
    dependencies:
      '@near-js/transactions': 1.2.3
      '@near-js/types': 0.2.1
      '@near-js/utils': 0.3.0
      borsh: 1.0.0
      http-errors: 1.7.2
    optionalDependencies:
      node-fetch: 2.6.7
    transitivePeerDependencies:
      - encoding

  '@near-js/signers@0.1.5':
    dependencies:
      '@near-js/crypto': 1.3.0
      '@near-js/keystores': 0.1.0
      '@noble/hashes': 1.3.3

  '@near-js/transactions@1.2.3':
    dependencies:
      '@near-js/crypto': 1.3.0
      '@near-js/signers': 0.1.5
      '@near-js/types': 0.2.1
      '@near-js/utils': 0.3.0
      '@noble/hashes': 1.3.3
      borsh: 1.0.0

  '@near-js/types@0.2.1': {}

  '@near-js/utils@0.3.0':
    dependencies:
      '@near-js/types': 0.2.1
      bs58: 4.0.0
      depd: 2.0.0
      mustache: 4.0.0

  '@near-js/wallet-account@1.2.3':
    dependencies:
      '@near-js/accounts': 1.2.2
      '@near-js/crypto': 1.3.0
      '@near-js/keystores': 0.1.0
      '@near-js/providers': 0.2.3
      '@near-js/signers': 0.1.5
      '@near-js/transactions': 1.2.3
      '@near-js/types': 0.2.1
      '@near-js/utils': 0.3.0
      borsh: 1.0.0
    transitivePeerDependencies:
      - encoding

  '@noble/curves@1.2.0':
    dependencies:
      '@noble/hashes': 1.3.2

  '@noble/hashes@1.3.2': {}

  '@noble/hashes@1.3.3': {}

  '@tsconfig/node10@1.0.11': {}

  '@tsconfig/node12@1.0.11': {}

  '@tsconfig/node14@1.0.3': {}

  '@tsconfig/node16@1.0.4': {}

  '@types/bn.js@5.1.6':
    dependencies:
      '@types/node': 22.8.1

  '@types/elliptic@6.4.18':
    dependencies:
      '@types/bn.js': 5.1.6

  '@types/json-schema@7.0.15': {}

  '@types/lodash.pickby@4.6.9':
    dependencies:
      '@types/lodash': 4.17.12

  '@types/lodash@4.17.12': {}

  '@types/node@22.7.5':
    dependencies:
      undici-types: 6.19.8

  '@types/node@22.8.1':
    dependencies:
      undici-types: 6.19.8

  acorn-walk@8.3.4:
    dependencies:
      acorn: 8.14.0

  acorn@8.14.0: {}

  aes-js@4.0.0-beta.5: {}

  arg@4.1.3: {}

  base-x@2.0.6:
    dependencies:
      safe-buffer: 5.2.1

  base-x@5.0.0: {}

  bech32@2.0.0: {}

  bn.js@4.12.0: {}

  borsh@1.0.0: {}

  brorand@1.1.0: {}

  bs58@4.0.0:
    dependencies:
      base-x: 2.0.6

  bs58@6.0.0:
    dependencies:
      base-x: 5.0.0

  bs58check@4.0.0:
    dependencies:
      '@noble/hashes': 1.3.3
      bs58: 6.0.0

  canonicalize@2.0.0: {}

  create-require@1.1.1: {}

  depd@1.1.2: {}

  depd@2.0.0: {}

  diff@4.0.2: {}

  dotenv@16.4.5: {}

  elliptic@6.6.0:
    dependencies:
      bn.js: 4.12.0
      brorand: 1.1.0
      hash.js: 1.1.7
      hmac-drbg: 1.0.1
      inherits: 2.0.4
      minimalistic-assert: 1.0.1
      minimalistic-crypto-utils: 1.0.1

  ethers@6.13.4:
    dependencies:
      '@adraffy/ens-normalize': 1.10.1
      '@noble/curves': 1.2.0
      '@noble/hashes': 1.3.2
      '@types/node': 22.7.5
      aes-js: 4.0.0-beta.5
      tslib: 2.7.0
      ws: 8.17.1
    transitivePeerDependencies:
      - bufferutil
      - utf-8-validate

  generate-function@2.3.1:
    dependencies:
      is-property: 1.0.2

  generate-object-property@1.2.0:
    dependencies:
      is-property: 1.0.2

  hash.js@1.1.7:
    dependencies:
      inherits: 2.0.4
      minimalistic-assert: 1.0.1

  hmac-drbg@1.0.1:
    dependencies:
      hash.js: 1.1.7
      minimalistic-assert: 1.0.1
      minimalistic-crypto-utils: 1.0.1

  http-errors@1.7.2:
    dependencies:
      depd: 1.1.2
      inherits: 2.0.3
      setprototypeof: 1.1.1
      statuses: 1.5.0
      toidentifier: 1.0.0

  inherits@2.0.3: {}

  inherits@2.0.4: {}

  is-my-ip-valid@1.0.1: {}

  is-my-json-valid@2.20.6:
    dependencies:
      generate-function: 2.3.1
      generate-object-property: 1.2.0
      is-my-ip-valid: 1.0.1
      jsonpointer: 5.0.1
      xtend: 4.0.2

  is-property@1.0.2: {}

  js-sha3@0.9.3: {}

  jsonpointer@5.0.1: {}

  lodash.pickby@4.6.0: {}

  lru_map@0.4.1: {}

  make-error@1.3.6: {}

  minimalistic-assert@1.0.1: {}

  minimalistic-crypto-utils@1.0.1: {}

  mustache@4.0.0: {}

  near-abi@0.1.1:
    dependencies:
      '@types/json-schema': 7.0.15

  near-api-js@4.0.4:
    dependencies:
      '@near-js/accounts': 1.2.2
      '@near-js/crypto': 1.3.0
      '@near-js/keystores': 0.1.0
      '@near-js/keystores-browser': 0.1.0
      '@near-js/keystores-node': 0.0.13
      '@near-js/providers': 0.2.3
      '@near-js/signers': 0.1.5
      '@near-js/transactions': 1.2.3
      '@near-js/types': 0.2.1
      '@near-js/utils': 0.3.0
      '@near-js/wallet-account': 1.2.3
      '@noble/curves': 1.2.0
      borsh: 1.0.0
      depd: 2.0.0
      http-errors: 1.7.2
      near-abi: 0.1.1
      node-fetch: 2.6.7
    transitivePeerDependencies:
      - encoding

  node-addon-api@5.1.0: {}

  node-fetch@2.6.7:
    dependencies:
      whatwg-url: 5.0.0

  node-gyp-build@4.8.2: {}

  randombytes@2.1.0:
    dependencies:
      safe-buffer: 5.2.1

  safe-buffer@5.2.1: {}

  secp256k1@5.0.0:
    dependencies:
      elliptic: 6.6.0
      node-addon-api: 5.1.0
      node-gyp-build: 4.8.2

  setprototypeof@1.1.1: {}

  statuses@1.5.0: {}

  toidentifier@1.0.0: {}

  tr46@0.0.3: {}

  ts-node@10.9.2(@types/node@22.8.1)(typescript@5.6.3):
    dependencies:
      '@cspotcode/source-map-support': 0.8.1
      '@tsconfig/node10': 1.0.11
      '@tsconfig/node12': 1.0.11
      '@tsconfig/node14': 1.0.3
      '@tsconfig/node16': 1.0.4
      '@types/node': 22.8.1
      acorn: 8.14.0
      acorn-walk: 8.3.4
      arg: 4.1.3
      create-require: 1.1.1
      diff: 4.0.2
      make-error: 1.3.6
      typescript: 5.6.3
      v8-compile-cache-lib: 3.0.1
      yn: 3.1.1

  tslib@2.7.0: {}

  typescript@5.6.3: {}

  undici-types@6.19.8: {}

  v8-compile-cache-lib@3.0.1: {}

  webidl-conversions@3.0.1: {}

  whatwg-url@5.0.0:
    dependencies:
      tr46: 0.0.3
      webidl-conversions: 3.0.1

  ws@8.17.1: {}

  xtend@4.0.2: {}

  yn@3.1.1: {}
